
Microsoft Visual Studio Solution File, Format Version 12.00
# Visual Studio 14
VisualStudioVersion = 14.0.25420.1
MinimumVisualStudioVersion = 10.0.40219.1
Project("{8BC9CEB8-8B4A-11D0-8D11-00A0C91BC942}") = "BattleshipGameMain", "BattleshipGameMain\BattleshipGameMain.vcxproj", "{7825846B-6A3F-4D2F-BBB1-7446D0BAAF37}"
EndProject
Project("{8BC9CEB8-8B4A-11D0-8D11-00A0C91BC942}") = "Common", "Common\Common.vcxproj", "{C034FBF5-3267-4F16-8F98-D5316FC26E6B}"
EndProject
Project("{8BC9CEB8-8B4A-11D0-8D11-00A0C91BC942}") = "SmartAlgo", "SmartAlgo\SmartAlgo.vcxproj", "{F2D8D97E-2E23-4751-91F9-EE1FF44C5841}"
EndProject
Global
	GlobalSection(SolutionConfigurationPlatforms) = preSolution
		Debug|x64 = Debug|x64
		Debug|x86 = Debug|x86
		Release|x64 = Release|x64
		Release|x86 = Release|x86
	EndGlobalSection
	GlobalSection(ProjectConfigurationPlatforms) = postSolution
		{7825846B-6A3F-4D2F-BBB1-7446D0BAAF37}.Debug|x64.ActiveCfg = Debug|x64
		{7825846B-6A3F-4D2F-BBB1-7446D0BAAF37}.Debug|x64.Build.0 = Debug|x64
		{7825846B-6A3F-4D2F-BBB1-7446D0BAAF37}.Debug|x86.ActiveCfg = Debug|Win32
		{7825846B-6A3F-4D2F-BBB1-7446D0BAAF37}.Debug|x86.Build.0 = Debug|Win32
		{7825846B-6A3F-4D2F-BBB1-7446D0BAAF37}.Release|x64.ActiveCfg = Release|x64
		{7825846B-6A3F-4D2F-BBB1-7446D0BAAF37}.Release|x64.Build.0 = Release|x64
		{7825846B-6A3F-4D2F-BBB1-7446D0BAAF37}.Release|x86.ActiveCfg = Release|Win32
		{7825846B-6A3F-4D2F-BBB1-7446D0BAAF37}.Release|x86.Build.0 = Release|Win32
		{C034FBF5-3267-4F16-8F98-D5316FC26E6B}.Debug|x64.ActiveCfg = Debug|x64
		{C034FBF5-3267-4F16-8F98-D5316FC26E6B}.Debug|x64.Build.0 = Debug|x64
		{C034FBF5-3267-4F16-8F98-D5316FC26E6B}.Debug|x86.ActiveCfg = Debug|Win32
		{C034FBF5-3267-4F16-8F98-D5316FC26E6B}.Debug|x86.Build.0 = Debug|Win32
		{C034FBF5-3267-4F16-8F98-D5316FC26E6B}.Release|x64.ActiveCfg = Release|x64
		{C034FBF5-3267-4F16-8F98-D5316FC26E6B}.Release|x64.Build.0 = Release|x64
		{C034FBF5-3267-4F16-8F98-D5316FC26E6B}.Release|x86.ActiveCfg = Release|Win32
		{C034FBF5-3267-4F16-8F98-D5316FC26E6B}.Release|x86.Build.0 = Release|Win32
		{F2D8D97E-2E23-4751-91F9-EE1FF44C5841}.Debug|x64.ActiveCfg = Debug|x64
		{F2D8D97E-2E23-4751-91F9-EE1FF44C5841}.Debug|x64.Build.0 = Debug|x64
		{F2D8D97E-2E23-4751-91F9-EE1FF44C5841}.Debug|x86.ActiveCfg = Debug|Win32
		{F2D8D97E-2E23-4751-91F9-EE1FF44C5841}.Debug|x86.Build.0 = Debug|Win32
		{F2D8D97E-2E23-4751-91F9-EE1FF44C5841}.Release|x64.ActiveCfg = Release|x64
		{F2D8D97E-2E23-4751-91F9-EE1FF44C5841}.Release|x64.Build.0 = Release|x64
		{F2D8D97E-2E23-4751-91F9-EE1FF44C5841}.Release|x86.ActiveCfg = Release|Win32
		{F2D8D97E-2E23-4751-91F9-EE1FF44C5841}.Release|x86.Build.0 = Release|Win32
	EndGlobalSection
	GlobalSection(SolutionProperties) = preSolution
		HideSolutionNode = FALSE
	EndGlobalSection
EndGlobal
